// !$*UTF8*$!
{
	archiveVersion = 1;
	classes = {
	};
	objectVersion = 50;
	objects = {

/* Begin PBXBuildFile section */
		89FCF33528F6F7DC00335E27 /* AppDelegate.m in Sources */ = {isa = PBXBuildFile; fileRef = 89FCF33428F6F7DC00335E27 /* AppDelegate.m */; };
		89FCF33828F6F7DC00335E27 /* ViewController.m in Sources */ = {isa = PBXBuildFile; fileRef = 89FCF33728F6F7DC00335E27 /* ViewController.m */; };
		89FCF33A28F6F7E200335E27 /* Assets.xcassets in Resources */ = {isa = PBXBuildFile; fileRef = 89FCF33928F6F7E200335E27 /* Assets.xcassets */; };
		89FCF33D28F6F7E200335E27 /* Main.storyboard in Resources */ = {isa = PBXBuildFile; fileRef = 89FCF33B28F6F7E200335E27 /* Main.storyboard */; };
		89FCF34028F6F7E200335E27 /* main.m in Sources */ = {isa = PBXBuildFile; fileRef = 89FCF33F28F6F7E200335E27 /* main.m */; };
		89FCF34B28F6F7E200335E27 /* ScrapDPagesTests.m in Sources */ = {isa = PBXBuildFile; fileRef = 89FCF34A28F6F7E200335E27 /* ScrapDPagesTests.m */; };
		89FCF35628F6F7E200335E27 /* ScrapDPagesUITests.m in Sources */ = {isa = PBXBuildFile; fileRef = 89FCF35528F6F7E200335E27 /* ScrapDPagesUITests.m */; };
/* End PBXBuildFile section */

/* Begin PBXContainerItemProxy section */
		89FCF34728F6F7E200335E27 /* PBXContainerItemProxy */ = {
			isa = PBXContainerItemProxy;
			containerPortal = 89FCF32828F6F7DC00335E27 /* Project object */;
			proxyType = 1;
			remoteGlobalIDString = 89FCF32F28F6F7DC00335E27;
			remoteInfo = ScrapDPages;
		};
		89FCF35228F6F7E200335E27 /* PBXContainerItemProxy */ = {
			isa = PBXContainerItemProxy;
			containerPortal = 89FCF32828F6F7DC00335E27 /* Project object */;
			proxyType = 1;
			remoteGlobalIDString = 89FCF32F28F6F7DC00335E27;
			remoteInfo = ScrapDPages;
		};
/* End PBXContainerItemProxy section */

/* Begin PBXFileReference section */
		89FCF33028F6F7DC00335E27 /* ScrapDPages.app */ = {isa = PBXFileReference; explicitFileType = wrapper.application; includeInIndex = 0; path = ScrapDPages.app; sourceTree = BUILT_PRODUCTS_DIR; };
		89FCF33328F6F7DC00335E27 /* AppDelegate.h */ = {isa = PBXFileReference; lastKnownFileType = sourcecode.c.h; path = AppDelegate.h; sourceTree = "<group>"; };
		89FCF33428F6F7DC00335E27 /* AppDelegate.m */ = {isa = PBXFileReference; lastKnownFileType = sourcecode.c.objc; path = AppDelegate.m; sourceTree = "<group>"; };
		89FCF33628F6F7DC00335E27 /* ViewController.h */ = {isa = PBXFileReference; lastKnownFileType = sourcecode.c.h; path = ViewController.h; sourceTree = "<group>"; };
		89FCF33728F6F7DC00335E27 /* ViewController.m */ = {isa = PBXFileReference; lastKnownFileType = sourcecode.c.objc; path = ViewController.m; sourceTree = "<group>"; };
		89FCF33928F6F7E200335E27 /* Assets.xcassets */ = {isa = PBXFileReference; lastKnownFileType = folder.assetcatalog; path = Assets.xcassets; sourceTree = "<group>"; };
		89FCF33C28F6F7E200335E27 /* Base */ = {isa = PBXFileReference; lastKnownFileType = file.storyboard; name = Base; path = Base.lproj/Main.storyboard; sourceTree = "<group>"; };
		89FCF33E28F6F7E200335E27 /* Info.plist */ = {isa = PBXFileReference; lastKnownFileType = text.plist.xml; path = Info.plist; sourceTree = "<group>"; };
		89FCF33F28F6F7E200335E27 /* main.m */ = {isa = PBXFileReference; lastKnownFileType = sourcecode.c.objc; path = main.m; sourceTree = "<group>"; };
		89FCF34128F6F7E200335E27 /* ScrapDPages.entitlements */ = {isa = PBXFileReference; lastKnownFileType = text.plist.entitlements; path = ScrapDPages.entitlements; sourceTree = "<group>"; };
		89FCF34628F6F7E200335E27 /* ScrapDPagesTests.xctest */ = {isa = PBXFileReference; explicitFileType = wrapper.cfbundle; includeInIndex = 0; path = ScrapDPagesTests.xctest; sourceTree = BUILT_PRODUCTS_DIR; };
		89FCF34A28F6F7E200335E27 /* ScrapDPagesTests.m */ = {isa = PBXFileReference; lastKnownFileType = sourcecode.c.objc; path = ScrapDPagesTests.m; sourceTree = "<group>"; };
		89FCF34C28F6F7E200335E27 /* Info.plist */ = {isa = PBXFileReference; lastKnownFileType = text.plist.xml; path = Info.plist; sourceTree = "<group>"; };
		89FCF35128F6F7E200335E27 /* ScrapDPagesUITests.xctest */ = {isa = PBXFileReference; explicitFileType = wrapper.cfbundle; includeInIndex = 0; path = ScrapDPagesUITests.xctest; sourceTree = BUILT_PRODUCTS_DIR; };
		89FCF35528F6F7E200335E27 /* ScrapDPagesUITests.m */ = {isa = PBXFileReference; lastKnownFileType = sourcecode.c.objc; path = ScrapDPagesUITests.m; sourceTree = "<group>"; };
		89FCF35728F6F7E200335E27 /* Info.plist */ = {isa = PBXFileReference; lastKnownFileType = text.plist.xml; path = Info.plist; sourceTree = "<group>"; };
/* End PBXFileReference section */

/* Begin PBXFrameworksBuildPhase section */
		89FCF32D28F6F7DC00335E27 /* Frameworks */ = {
			isa = PBXFrameworksBuildPhase;
			buildActionMask = 2147483647;
			files = (
			);
			runOnlyForDeploymentPostprocessing = 0;
		};
		89FCF34328F6F7E200335E27 /* Frameworks */ = {
			isa = PBXFrameworksBuildPhase;
			buildActionMask = 2147483647;
			files = (
			);
			runOnlyForDeploymentPostprocessing = 0;
		};
		89FCF34E28F6F7E200335E27 /* Frameworks */ = {
			isa = PBXFrameworksBuildPhase;
			buildActionMask = 2147483647;
			files = (
			);
			runOnlyForDeploymentPostprocessing = 0;
		};
/* End PBXFrameworksBuildPhase section */

/* Begin PBXGroup section */
		89FCF32728F6F7DC00335E27 = {
			isa = PBXGroup;
			children = (
				89FCF33228F6F7DC00335E27 /* ScrapDPages */,
				89FCF34928F6F7E200335E27 /* ScrapDPagesTests */,
				89FCF35428F6F7E200335E27 /* ScrapDPagesUITests */,
				89FCF33128F6F7DC00335E27 /* Products */,
			);
			sourceTree = "<group>";
		};
		89FCF33128F6F7DC00335E27 /* Products */ = {
			isa = PBXGroup;
			children = (
				89FCF33028F6F7DC00335E27 /* ScrapDPages.app */,
				89FCF34628F6F7E200335E27 /* ScrapDPagesTests.xctest */,
				89FCF35128F6F7E200335E27 /* ScrapDPagesUITests.xctest */,
			);
			name = Products;
			sourceTree = "<group>";
		};
		89FCF33228F6F7DC00335E27 /* ScrapDPages */ = {
			isa = PBXGroup;
			children = (
				89FCF33328F6F7DC00335E27 /* AppDelegate.h */,
				89FCF33428F6F7DC00335E27 /* AppDelegate.m */,
				89FCF33628F6F7DC00335E27 /* ViewController.h */,
				89FCF33728F6F7DC00335E27 /* ViewController.m */,
				89FCF33928F6F7E200335E27 /* Assets.xcassets */,
				89FCF33B28F6F7E200335E27 /* Main.storyboard */,
				89FCF33E28F6F7E200335E27 /* Info.plist */,
				89FCF33F28F6F7E200335E27 /* main.m */,
				89FCF34128F6F7E200335E27 /* ScrapDPages.entitlements */,
			);
			path = ScrapDPages;
			sourceTree = "<group>";
		};
		89FCF34928F6F7E200335E27 /* ScrapDPagesTests */ = {
			isa = PBXGroup;
			children = (
				89FCF34A28F6F7E200335E27 /* ScrapDPagesTests.m */,
				89FCF34C28F6F7E200335E27 /* Info.plist */,
			);
			path = ScrapDPagesTests;
			sourceTree = "<group>";
		};
		89FCF35428F6F7E200335E27 /* ScrapDPagesUITests */ = {
			isa = PBXGroup;
			children = (
				89FCF35528F6F7E200335E27 /* ScrapDPagesUITests.m */,
				89FCF35728F6F7E200335E27 /* Info.plist */,
			);
			path = ScrapDPagesUITests;
			sourceTree = "<group>";
		};
/* End PBXGroup section */

/* Begin PBXNativeTarget section */
		89FCF32F28F6F7DC00335E27 /* ScrapDPages */ = {
			isa = PBXNativeTarget;
			buildConfigurationList = 89FCF35A28F6F7E200335E27 /* Build configuration list for PBXNativeTarget "ScrapDPages" */;
			buildPhases = (
				89FCF32C28F6F7DC00335E27 /* Sources */,
				89FCF32D28F6F7DC00335E27 /* Frameworks */,
				89FCF32E28F6F7DC00335E27 /* Resources */,
			);
			buildRules = (
			);
			dependencies = (
			);
			name = ScrapDPages;
			productName = ScrapDPages;
			productReference = 89FCF33028F6F7DC00335E27 /* ScrapDPages.app */;
			productType = "com.apple.product-type.application";
		};
		89FCF34528F6F7E200335E27 /* ScrapDPagesTests */ = {
			isa = PBXNativeTarget;
			buildConfigurationList = 89FCF35D28F6F7E200335E27 /* Build configuration list for PBXNativeTarget "ScrapDPagesTests" */;
			buildPhases = (
				89FCF34228F6F7E200335E27 /* Sources */,
				89FCF34328F6F7E200335E27 /* Frameworks */,
				89FCF34428F6F7E200335E27 /* Resources */,
			);
			buildRules = (
			);
			dependencies = (
				89FCF34828F6F7E200335E27 /* PBXTargetDependency */,
			);
			name = ScrapDPagesTests;
			productName = ScrapDPagesTests;
			productReference = 89FCF34628F6F7E200335E27 /* ScrapDPagesTests.xctest */;
			productType = "com.apple.product-type.bundle.unit-test";
		};
		89FCF35028F6F7E200335E27 /* ScrapDPagesUITests */ = {
			isa = PBXNativeTarget;
			buildConfigurationList = 89FCF36028F6F7E200335E27 /* Build configuration list for PBXNativeTarget "ScrapDPagesUITests" */;
			buildPhases = (
				89FCF34D28F6F7E200335E27 /* Sources */,
				89FCF34E28F6F7E200335E27 /* Frameworks */,
				89FCF34F28F6F7E200335E27 /* Resources */,
			);
			buildRules = (
			);
			dependencies = (
				89FCF35328F6F7E200335E27 /* PBXTargetDependency */,
			);
			name = ScrapDPagesUITests;
			productName = ScrapDPagesUITests;
			productReference = 89FCF35128F6F7E200335E27 /* ScrapDPagesUITests.xctest */;
			productType = "com.apple.product-type.bundle.ui-testing";
		};
/* End PBXNativeTarget section */

/* Begin PBXProject section */
		89FCF32828F6F7DC00335E27 /* Project object */ = {
			isa = PBXProject;
			attributes = {
				LastUpgradeCheck = 1130;
				ORGANIZATIONNAME = "Raji Sankar";
				TargetAttributes = {
					89FCF32F28F6F7DC00335E27 = {
						CreatedOnToolsVersion = 11.3.1;
					};
					89FCF34528F6F7E200335E27 = {
						CreatedOnToolsVersion = 11.3.1;
						TestTargetID = 89FCF32F28F6F7DC00335E27;
					};
					89FCF35028F6F7E200335E27 = {
						CreatedOnToolsVersion = 11.3.1;
						TestTargetID = 89FCF32F28F6F7DC00335E27;
					};
				};
			};
			buildConfigurationList = 89FCF32B28F6F7DC00335E27 /* Build configuration list for PBXProject "ScrapDPages" */;
			compatibilityVersion = "Xcode 9.3";
			developmentRegion = en;
			hasScannedForEncodings = 0;
			knownRegions = (
				en,
				Base,
			);
			mainGroup = 89FCF32728F6F7DC00335E27;
			productRefGroup = 89FCF33128F6F7DC00335E27 /* Products */;
			projectDirPath = "";
			projectRoot = "";
			targets = (
				89FCF32F28F6F7DC00335E27 /* ScrapDPages */,
				89FCF34528F6F7E200335E27 /* ScrapDPagesTests */,
				89FCF35028F6F7E200335E27 /* ScrapDPagesUITests */,
			);
		};
/* End PBXProject section */

/* Begin PBXResourcesBuildPhase section */
		89FCF32E28F6F7DC00335E27 /* Resources */ = {
			isa = PBXResourcesBuildPhase;
			buildActionMask = 2147483647;
			files = (
				89FCF33A28F6F7E200335E27 /* Assets.xcassets in Resources */,
				89FCF33D28F6F7E200335E27 /* Main.storyboard in Resources */,
			);
			runOnlyForDeploymentPostprocessing = 0;
		};
		89FCF34428F6F7E200335E27 /* Resources */ = {
			isa = PBXResourcesBuildPhase;
			buildActionMask = 2147483647;
			files = (
			);
			runOnlyForDeploymentPostprocessing = 0;
		};
		89FCF34F28F6F7E200335E27 /* Resources */ = {
			isa = PBXResourcesBuildPhase;
			buildActionMask = 2147483647;
			files = (
			);
			runOnlyForDeploymentPostprocessing = 0;
		};
/* End PBXResourcesBuildPhase section */

/* Begin PBXSourcesBuildPhase section */
		89FCF32C28F6F7DC00335E27 /* Sources */ = {
			isa = PBXSourcesBuildPhase;
			buildActionMask = 2147483647;
			files = (
				89FCF33828F6F7DC00335E27 /* ViewController.m in Sources */,
				89FCF34028F6F7E200335E27 /* main.m in Sources */,
				89FCF33528F6F7DC00335E27 /* AppDelegate.m in Sources */,
			);
			runOnlyForDeploymentPostprocessing = 0;
		};
		89FCF34228F6F7E200335E27 /* Sources */ = {
			isa = PBXSourcesBuildPhase;
			buildActionMask = 2147483647;
			files = (
				89FCF34B28F6F7E200335E27 /* ScrapDPagesTests.m in Sources */,
			);
			runOnlyForDeploymentPostprocessing = 0;
		};
		89FCF34D28F6F7E200335E27 /* Sources */ = {
			isa = PBXSourcesBuildPhase;
			buildActionMask = 2147483647;
			files = (
				89FCF35628F6F7E200335E27 /* ScrapDPagesUITests.m in Sources */,
			);
			runOnlyForDeploymentPostprocessing = 0;
		};
/* End PBXSourcesBuildPhase section */

/* Begin PBXTargetDependency section */
		89FCF34828F6F7E200335E27 /* PBXTargetDependency */ = {
			isa = PBXTargetDependency;
			target = 89FCF32F28F6F7DC00335E27 /* ScrapDPages */;
			targetProxy = 89FCF34728F6F7E200335E27 /* PBXContainerItemProxy */;
		};
		89FCF35328F6F7E200335E27 /* PBXTargetDependency */ = {
			isa = PBXTargetDependency;
			target = 89FCF32F28F6F7DC00335E27 /* ScrapDPages */;
			targetProxy = 89FCF35228F6F7E200335E27 /* PBXContainerItemProxy */;
		};
/* End PBXTargetDependency section */

/* Begin PBXVariantGroup section */
		89FCF33B28F6F7E200335E27 /* Main.storyboard */ = {
			isa = PBXVariantGroup;
			children = (
				89FCF33C28F6F7E200335E27 /* Base */,
			);
			name = Main.storyboard;
			sourceTree = "<group>";
		};
/* End PBXVariantGroup section */

/* Begin XCBuildConfiguration section */
		89FCF35828F6F7E200335E27 /* Debug */ = {
			isa = XCBuildConfiguration;
			buildSettings = {
				ALWAYS_SEARCH_USER_PATHS = NO;
				CLANG_ANALYZER_NONNULL = YES;
				CLANG_ANALYZER_NUMBER_OBJECT_CONVERSION = YES_AGGRESSIVE;
				CLANG_CXX_LANGUAGE_STANDARD = "gnu++14";
				CLANG_CXX_LIBRARY = "libc++";
				CLANG_ENABLE_MODULES = YES;
				CLANG_ENABLE_OBJC_ARC = YES;
				CLANG_ENABLE_OBJC_WEAK = YES;
				CLANG_WARN_BLOCK_CAPTURE_AUTORELEASING = YES;
				CLANG_WARN_BOOL_CONVERSION = YES;
				CLANG_WARN_COMMA = YES;
				CLANG_WARN_CONSTANT_CONVERSION = YES;
				CLANG_WARN_DEPRECATED_OBJC_IMPLEMENTATIONS = YES;
				CLANG_WARN_DIRECT_OBJC_ISA_USAGE = YES_ERROR;
				CLANG_WARN_DOCUMENTATION_COMMENTS = YES;
				CLANG_WARN_EMPTY_BODY = YES;
				CLANG_WARN_ENUM_CONVERSION = YES;
				CLANG_WARN_INFINITE_RECURSION = YES;
				CLANG_WARN_INT_CONVERSION = YES;
				CLANG_WARN_NON_LITERAL_NULL_CONVERSION = YES;
				CLANG_WARN_OBJC_IMPLICIT_RETAIN_SELF = YES;
				CLANG_WARN_OBJC_LITERAL_CONVERSION = YES;
				CLANG_WARN_OBJC_ROOT_CLASS = YES_ERROR;
				CLANG_WARN_RANGE_LOOP_ANALYSIS = YES;
				CLANG_WARN_STRICT_PROTOTYPES = YES;
				CLANG_WARN_SUSPICIOUS_MOVE = YES;
				CLANG_WARN_UNGUARDED_AVAILABILITY = YES_AGGRESSIVE;
				CLANG_WARN_UNREACHABLE_CODE = YES;
				CLANG_WARN__DUPLICATE_METHOD_MATCH = YES;
				COPY_PHASE_STRIP = NO;
				DEBUG_INFORMATION_FORMAT = dwarf;
				ENABLE_STRICT_OBJC_MSGSEND = YES;
				ENABLE_TESTABILITY = YES;
				GCC_C_LANGUAGE_STANDARD = gnu11;
				GCC_DYNAMIC_NO_PIC = NO;
				GCC_NO_COMMON_BLOCKS = YES;
				GCC_OPTIMIZATION_LEVEL = 0;
				GCC_PREPROCESSOR_DEFINITIONS = (
					"DEBUG=1",
					"$(inherited)",
				);
				GCC_WARN_64_TO_32_BIT_CONVERSION = YES;
				GCC_WARN_ABOUT_RETURN_TYPE = YES_ERROR;
				GCC_WARN_UNDECLARED_SELECTOR = YES;
				GCC_WARN_UNINITIALIZED_AUTOS = YES_AGGRESSIVE;
				GCC_WARN_UNUSED_FUNCTION = YES;
				GCC_WARN_UNUSED_VARIABLE = YES;
				MACOSX_DEPLOYMENT_TARGET = 10.14;
				MTL_ENABLE_DEBUG_INFO = INCLUDE_SOURCE;
				MTL_FAST_MATH = YES;
				ONLY_ACTIVE_ARCH = YES;
				SDKROOT = macosx;
			};
			name = Debug;
		};
		89FCF35928F6F7E200335E27 /* Release */ = {
			isa = XCBuildConfiguration;
			buildSettings = {
				ALWAYS_SEARCH_USER_PATHS = NO;
				CLANG_ANALYZER_NONNULL = YES;
				CLANG_ANALYZER_NUMBER_OBJECT_CONVERSION = YES_AGGRESSIVE;
				CLANG_CXX_LANGUAGE_STANDARD = "gnu++14";
				CLANG_CXX_LIBRARY = "libc++";
				CLANG_ENABLE_MODULES = YES;
				CLANG_ENABLE_OBJC_ARC = YES;
				CLANG_ENABLE_OBJC_WEAK = YES;
				CLANG_WARN_BLOCK_CAPTURE_AUTORELEASING = YES;
				CLANG_WARN_BOOL_CONVERSION = YES;
				CLANG_WARN_COMMA = YES;
				CLANG_WARN_CONSTANT_CONVERSION = YES;
				CLANG_WARN_DEPRECATED_OBJC_IMPLEMENTATIONS = YES;
				CLANG_WARN_DIRECT_OBJC_ISA_USAGE = YES_ERROR;
				CLANG_WARN_DOCUMENTATION_COMMENTS = YES;
				CLANG_WARN_EMPTY_BODY = YES;
				CLANG_WARN_ENUM_CONVERSION = YES;
				CLANG_WARN_INFINITE_RECURSION = YES;
				CLANG_WARN_INT_CONVERSION = YES;
				CLANG_WARN_NON_LITERAL_NULL_CONVERSION = YES;
				CLANG_WARN_OBJC_IMPLICIT_RETAIN_SELF = YES;
				CLANG_WARN_OBJC_LITERAL_CONVERSION = YES;
				CLANG_WARN_OBJC_ROOT_CLASS = YES_ERROR;
				CLANG_WARN_RANGE_LOOP_ANALYSIS = YES;
				CLANG_WARN_STRICT_PROTOTYPES = YES;
				CLANG_WARN_SUSPICIOUS_MOVE = YES;
				CLANG_WARN_UNGUARDED_AVAILABILITY = YES_AGGRESSIVE;
				CLANG_WARN_UNREACHABLE_CODE = YES;
				CLANG_WARN__DUPLICATE_METHOD_MATCH = YES;
				COPY_PHASE_STRIP = NO;
				DEBUG_INFORMATION_FORMAT = "dwarf-with-dsym";
				ENABLE_NS_ASSERTIONS = NO;
				ENABLE_STRICT_OBJC_MSGSEND = YES;
				GCC_C_LANGUAGE_STANDARD = gnu11;
				GCC_NO_COMMON_BLOCKS = YES;
				GCC_WARN_64_TO_32_BIT_CONVERSION = YES;
				GCC_WARN_ABOUT_RETURN_TYPE = YES_ERROR;
				GCC_WARN_UNDECLARED_SELECTOR = YES;
				GCC_WARN_UNINITIALIZED_AUTOS = YES_AGGRESSIVE;
				GCC_WARN_UNUSED_FUNCTION = YES;
				GCC_WARN_UNUSED_VARIABLE = YES;
				MACOSX_DEPLOYMENT_TARGET = 10.14;
				MTL_ENABLE_DEBUG_INFO = NO;
				MTL_FAST_MATH = YES;
				SDKROOT = macosx;
			};
			name = Release;
		};
		89FCF35B28F6F7E200335E27 /* Debug */ = {
			isa = XCBuildConfiguration;
			buildSettings = {
				ASSETCATALOG_COMPILER_APPICON_NAME = AppIcon;
				CODE_SIGN_ENTITLEMENTS = ScrapDPages/ScrapDPages.entitlements;
				CODE_SIGN_STYLE = Automatic;
				COMBINE_HIDPI_IMAGES = YES;
				DEVELOPMENT_TEAM = 6KF5V8KY28;
				ENABLE_HARDENED_RUNTIME = YES;
				INFOPLIST_FILE = ScrapDPages/Info.plist;
				LD_RUNPATH_SEARCH_PATHS = (
					"$(inherited)",
					"@executable_path/../Frameworks",
				);
				PRODUCT_BUNDLE_IDENTIFIER = RS.ScrapDPages;
				PRODUCT_NAME = "$(TARGET_NAME)";
			};
			name = Debug;
		};
		89FCF35C28F6F7E200335E27 /* Release */ = {
			isa = XCBuildConfiguration;
			buildSettings = {
				ASSETCATALOG_COMPILER_APPICON_NAME = AppIcon;
				CODE_SIGN_ENTITLEMENTS = ScrapDPages/ScrapDPages.entitlements;
				CODE_SIGN_STYLE = Automatic;
				COMBINE_HIDPI_IMAGES = YES;
				DEVELOPMENT_TEAM = 6KF5V8KY28;
				ENABLE_HARDENED_RUNTIME = YES;
				INFOPLIST_FILE = ScrapDPages/Info.plist;
				LD_RUNPATH_SEARCH_PATHS = (
					"$(inherited)",
					"@executable_path/../Frameworks",
				);
				PRODUCT_BUNDLE_IDENTIFIER = RS.ScrapDPages;
				PRODUCT_NAME = "$(TARGET_NAME)";
			};
			name = Release;
		};
		89FCF35E28F6F7E200335E27 /* Debug */ = {
			isa = XCBuildConfiguration;
			buildSettings = {
				BUNDLE_LOADER = "$(TEST_HOST)";
				CODE_SIGN_STYLE = Automatic;
				COMBINE_HIDPI_IMAGES = YES;
				DEVELOPMENT_TEAM = 6KF5V8KY28;
				INFOPLIST_FILE = ScrapDPagesTests/Info.plist;
				LD_RUNPATH_SEARCH_PATHS = (
					"$(inherited)",
					"@executable_path/../Frameworks",
					"@loader_path/../Frameworks",
				);
				MACOSX_DEPLOYMENT_TARGET = 10.14;
				PRODUCT_BUNDLE_IDENTIFIER = RS.ScrapDPagesTests;
				PRODUCT_NAME = "$(TARGET_NAME)";
				TEST_HOST = "$(BUILT_PRODUCTS_DIR)/ScrapDPages.app/Contents/MacOS/ScrapDPages";
			};
			name = Debug;
		};
		89FCF35F28F6F7E200335E27 /* Release */ = {
			isa = XCBuildConfiguration;
			buildSettings = {
				BUNDLE_LOADER = "$(TEST_HOST)";
				CODE_SIGN_STYLE = Automatic;
				COMBINE_HIDPI_IMAGES = YES;
				DEVELOPMENT_TEAM = 6KF5V8KY28;
				INFOPLIST_FILE = ScrapDPagesTests/Info.plist;
				LD_RUNPATH_SEARCH_PATHS = (
					"$(inherited)",
					"@executable_path/../Frameworks",
					"@loader_path/../Frameworks",
				);
				MACOSX_DEPLOYMENT_TARGET = 10.14;
				PRODUCT_BUNDLE_IDENTIFIER = RS.ScrapDPagesTests;
				PRODUCT_NAME = "$(TARGET_NAME)";
				TEST_HOST = "$(BUILT_PRODUCTS_DIR)/ScrapDPages.app/Contents/MacOS/ScrapDPages";
			};
			name = Release;
		};
		89FCF36128F6F7E200335E27 /* Debug */ = {
			isa = XCBuildConfiguration;
			buildSettings = {
				CODE_SIGN_STYLE = Automatic;
				COMBINE_HIDPI_IMAGES = YES;
				DEVELOPMENT_TEAM = 6KF5V8KY28;
				INFOPLIST_FILE = ScrapDPagesUITests/Info.plist;
				LD_RUNPATH_SEARCH_PATHS = (
					"$(inherited)",
					"@executable_path/../Frameworks",
					"@loader_path/../Frameworks",
				);
				PRODUCT_BUNDLE_IDENTIFIER = RS.ScrapDPagesUITests;
				PRODUCT_NAME = "$(TARGET_NAME)";
				TEST_TARGET_NAME = ScrapDPages;
			};
			name = Debug;
		};
		89FCF36228F6F7E200335E27 /* Release */ = {
			isa = XCBuildConfiguration;
			buildSettings = {
				CODE_SIGN_STYLE = Automatic;
				COMBINE_HIDPI_IMAGES = YES;
				DEVELOPMENT_TEAM = 6KF5V8KY28;
				INFOPLIST_FILE = ScrapDPagesUITests/Info.plist;
				LD_RUNPATH_SEARCH_PATHS = (
					"$(inherited)",
					"@executable_path/../Frameworks",
					"@loader_path/../Frameworks",
				);
				PRODUCT_BUNDLE_IDENTIFIER = RS.ScrapDPagesUITests;
				PRODUCT_NAME = "$(TARGET_NAME)";
				TEST_TARGET_NAME = ScrapDPages;
			};
			name = Release;
		};
/* End XCBuildConfiguration section */

/* Begin XCConfigurationList section */
		89FCF32B28F6F7DC00335E27 /* Build configuration list for PBXProject "ScrapDPages" */ = {
			isa = XCConfigurationList;
			buildConfigurations = (
				89FCF35828F6F7E200335E27 /* Debug */,
				89FCF35928F6F7E200335E27 /* Release */,
			);
			defaultConfigurationIsVisible = 0;
			defaultConfigurationName = Release;
		};
		89FCF35A28F6F7E200335E27 /* Build configuration list for PBXNativeTarget "ScrapDPages" */ = {
			isa = XCConfigurationList;
			buildConfigurations = (
				89FCF35B28F6F7E200335E27 /* Debug */,
				89FCF35C28F6F7E200335E27 /* Release */,
			);
			defaultConfigurationIsVisible = 0;
			defaultConfigurationName = Release;
		};
		89FCF35D28F6F7E200335E27 /* Build configuration list for PBXNativeTarget "ScrapDPagesTests" */ = {
			isa = XCConfigurationList;
			buildConfigurations = (
				89FCF35E28F6F7E200335E27 /* Debug */,
				89FCF35F28F6F7E200335E27 /* Release */,
			);
			defaultConfigurationIsVisible = 0;
			defaultConfigurationName = Release;
		};
		89FCF36028F6F7E200335E27 /* Build configuration list for PBXNativeTarget "ScrapDPagesUITests" */ = {
			isa = XCConfigurationList;
			buildConfigurations = (
				89FCF36128F6F7E200335E27 /* Debug */,
				89FCF36228F6F7E200335E27 /* Release */,
			);
			defaultConfigurationIsVisible = 0;
			defaultConfigurationName = Release;
		};
/* End XCConfigurationList section */
	};
	rootObject = 89FCF32828F6F7DC00335E27 /* Project object */;
}
